
Microsoft Visual Studio Solution File, Format Version 12.00
# Visual Studio Version 17
VisualStudioVersion = 17.9.34622.214
MinimumVisualStudioVersion = 10.0.40219.1
Project("{FAE04EC0-301F-11D3-BF4B-00C04F79EFBC}") = "testing", "testing.csproj", "{AFB9F357-6F84-43FF-854A-999DDB4346FC}"
EndProject
Project("{54435603-DBB4-11D2-8724-00A0C9A8B90C}") = "Setup", "..\Setup\Setup.vdproj", "{3FB024AD-2586-481B-9F10-BD5234D03D71}"
EndProject
Global
	GlobalSection(SolutionConfigurationPlatforms) = preSolution
		Debug|Any CPU = Debug|Any CPU
		Release|Any CPU = Release|Any CPU
	EndGlobalSection
	GlobalSection(ProjectConfigurationPlatforms) = postSolution
		{AFB9F357-6F84-43FF-854A-999DDB4346FC}.Debug|Any CPU.ActiveCfg = Debug|Any CPU
		{AFB9F357-6F84-43FF-854A-999DDB4346FC}.Debug|Any CPU.Build.0 = Debug|Any CPU
		{AFB9F357-6F84-43FF-854A-999DDB4346FC}.Release|Any CPU.ActiveCfg = Debug|Any CPU
		{AFB9F357-6F84-43FF-854A-999DDB4346FC}.Release|Any CPU.Build.0 = Debug|Any CPU
		{3FB024AD-2586-481B-9F10-BD5234D03D71}.Debug|Any CPU.ActiveCfg = Debug
		{3FB024AD-2586-481B-9F10-BD5234D03D71}.Release|Any CPU.ActiveCfg = Release
	EndGlobalSection
	GlobalSection(SolutionProperties) = preSolution
		HideSolutionNode = FALSE
	EndGlobalSection
	GlobalSection(ExtensibilityGlobals) = postSolution
		SolutionGuid = {7A56B422-AE39-4C56-B34D-50B2597D19D4}
	EndGlobalSection
EndGlobal
